
Microsoft Visual Studio Solution File, Format Version 12.00
Project("{2150E333-8FDC-42A3-9474-1A3956D46DE8}") = "2. Distributed Services", "2. Distributed Services", "{C1986C53-0AEC-47C0-8570-7DBEE84D26F3}"
EndProject
Project("{2150E333-8FDC-42A3-9474-1A3956D46DE8}") = "3. Application", "3. Application", "{9930A427-3FF7-47C2-BDA7-B480A66E94FA}"
EndProject
Project("{FAE04EC0-301F-11D3-BF4B-00C04F79EFBC}") = "GNB.Application", "GNB.Application\GNB.Application.csproj", "{241C94F1-AA58-4096-96CE-A8A8A3AF038E}"
EndProject
Project("{2150E333-8FDC-42A3-9474-1A3956D46DE8}") = "4. GNB.Domain", "4. GNB.Domain", "{0A6E00D8-67C3-49E4-9B50-E9D05FB1EF74}"
EndProject
Project("{FAE04EC0-301F-11D3-BF4B-00C04F79EFBC}") = "GNB.Domain", "GNB.Domain\GNB.Domain.csproj", "{9C2803BC-6303-46CB-8DF5-B28324B9AA06}"
EndProject
Project("{2150E333-8FDC-42A3-9474-1A3956D46DE8}") = "5. Infrastructure", "5. Infrastructure", "{64F2C6DD-DD2D-4FDF-AE91-07E30F8B00B7}"
EndProject
Project("{FAE04EC0-301F-11D3-BF4B-00C04F79EFBC}") = "GNB.DataAccess", "GNB.DataAccess\GNB.DataAccess.csproj", "{8B2F7302-8C86-486D-BE4D-75A496056742}"
EndProject
Project("{FAE04EC0-301F-11D3-BF4B-00C04F79EFBC}") = "GNB.Api", "GNB.Api\GNB.Api.csproj", "{508DCF2A-669D-448F-A53B-45D039F1CE5C}"
EndProject
Project("{FAE04EC0-301F-11D3-BF4B-00C04F79EFBC}") = "GNB.WebApi.UnitTests", "GNB.WebApi.UnitTests\GNB.WebApi.UnitTests.csproj", "{6D683B11-96F9-4E24-82EF-12DAC1E64FB2}"
EndProject
Global
	GlobalSection(SolutionConfigurationPlatforms) = preSolution
		Debug|Any CPU = Debug|Any CPU
		Release|Any CPU = Release|Any CPU
	EndGlobalSection
	GlobalSection(NestedProjects) = preSolution
		{241C94F1-AA58-4096-96CE-A8A8A3AF038E} = {9930A427-3FF7-47C2-BDA7-B480A66E94FA}
		{9C2803BC-6303-46CB-8DF5-B28324B9AA06} = {0A6E00D8-67C3-49E4-9B50-E9D05FB1EF74}
		{8B2F7302-8C86-486D-BE4D-75A496056742} = {64F2C6DD-DD2D-4FDF-AE91-07E30F8B00B7}
		{508DCF2A-669D-448F-A53B-45D039F1CE5C} = {C1986C53-0AEC-47C0-8570-7DBEE84D26F3}
		{6D683B11-96F9-4E24-82EF-12DAC1E64FB2} = {64F2C6DD-DD2D-4FDF-AE91-07E30F8B00B7}
	EndGlobalSection
	GlobalSection(ProjectConfigurationPlatforms) = postSolution
		{241C94F1-AA58-4096-96CE-A8A8A3AF038E}.Debug|Any CPU.ActiveCfg = Debug|Any CPU
		{241C94F1-AA58-4096-96CE-A8A8A3AF038E}.Debug|Any CPU.Build.0 = Debug|Any CPU
		{241C94F1-AA58-4096-96CE-A8A8A3AF038E}.Release|Any CPU.ActiveCfg = Release|Any CPU
		{241C94F1-AA58-4096-96CE-A8A8A3AF038E}.Release|Any CPU.Build.0 = Release|Any CPU
		{9C2803BC-6303-46CB-8DF5-B28324B9AA06}.Debug|Any CPU.ActiveCfg = Debug|Any CPU
		{9C2803BC-6303-46CB-8DF5-B28324B9AA06}.Debug|Any CPU.Build.0 = Debug|Any CPU
		{9C2803BC-6303-46CB-8DF5-B28324B9AA06}.Release|Any CPU.ActiveCfg = Release|Any CPU
		{9C2803BC-6303-46CB-8DF5-B28324B9AA06}.Release|Any CPU.Build.0 = Release|Any CPU
		{8B2F7302-8C86-486D-BE4D-75A496056742}.Debug|Any CPU.ActiveCfg = Debug|Any CPU
		{8B2F7302-8C86-486D-BE4D-75A496056742}.Debug|Any CPU.Build.0 = Debug|Any CPU
		{8B2F7302-8C86-486D-BE4D-75A496056742}.Release|Any CPU.ActiveCfg = Release|Any CPU
		{8B2F7302-8C86-486D-BE4D-75A496056742}.Release|Any CPU.Build.0 = Release|Any CPU
		{508DCF2A-669D-448F-A53B-45D039F1CE5C}.Debug|Any CPU.ActiveCfg = Debug|Any CPU
		{508DCF2A-669D-448F-A53B-45D039F1CE5C}.Debug|Any CPU.Build.0 = Debug|Any CPU
		{508DCF2A-669D-448F-A53B-45D039F1CE5C}.Release|Any CPU.ActiveCfg = Release|Any CPU
		{508DCF2A-669D-448F-A53B-45D039F1CE5C}.Release|Any CPU.Build.0 = Release|Any CPU
		{6D683B11-96F9-4E24-82EF-12DAC1E64FB2}.Debug|Any CPU.ActiveCfg = Debug|Any CPU
		{6D683B11-96F9-4E24-82EF-12DAC1E64FB2}.Debug|Any CPU.Build.0 = Debug|Any CPU
		{6D683B11-96F9-4E24-82EF-12DAC1E64FB2}.Release|Any CPU.ActiveCfg = Release|Any CPU
		{6D683B11-96F9-4E24-82EF-12DAC1E64FB2}.Release|Any CPU.Build.0 = Release|Any CPU
	EndGlobalSection
EndGlobal
